
Microsoft Visual Studio Solution File, Format Version 12.00
# Visual Studio Version 17
VisualStudioVersion = 17.1.32407.343
MinimumVisualStudioVersion = 10.0.40219.1
Project("{2150E333-8FDC-42A3-9474-1A3956D46DE8}") = "src", "src", "{C79AB7E6-D7C0-4E55-AE3E-7E5F5C81366B}"
EndProject
Project("{2150E333-8FDC-42A3-9474-1A3956D46DE8}") = "Core", "Core", "{7DBE362F-11B5-4C16-8DCB-68392C4A350F}"
EndProject
Project("{2150E333-8FDC-42A3-9474-1A3956D46DE8}") = "Infrastructure", "Infrastructure", "{68CED619-3129-4E4F-B6BE-426F338805F3}"
EndProject
Project("{2150E333-8FDC-42A3-9474-1A3956D46DE8}") = "API", "API", "{1BCBD483-602A-4F4B-8696-7BE7731E1836}"
EndProject
Project("{2150E333-8FDC-42A3-9474-1A3956D46DE8}") = "test", "test", "{77B1CA86-DCE4-4676-9E73-0524996F330A}"
EndProject
Project("{2150E333-8FDC-42A3-9474-1A3956D46DE8}") = "UI", "UI", "{C6911D2C-BED1-43D7-811E-BD9F096FFDBA}"
EndProject
Project("{9A19103F-16F7-4668-BE54-9A1E7A4F7556}") = "HRLeaveManagement.Domain", "HRLeaveManagement.Domain\HRLeaveManagement.Domain.csproj", "{B174D0B7-F6DB-457E-8A73-797EE6A2A85F}"
EndProject
Project("{9A19103F-16F7-4668-BE54-9A1E7A4F7556}") = "HRLeaveManagement.Application", "HRLeaveManagement.Application\HRLeaveManagement.Application.csproj", "{8D7E51B9-535D-43C9-99B9-7BA83438EA3F}"
EndProject
Project("{FAE04EC0-301F-11D3-BF4B-00C04F79EFBC}") = "HRLeaveManagement.Infrastructure", "HRLeaveManagement.Infrastructure\HRLeaveManagement.Infrastructure.csproj", "{12921D90-45A8-430A-858B-DCD06A6804F7}"
EndProject
Project("{FAE04EC0-301F-11D3-BF4B-00C04F79EFBC}") = "HRLeaveManagement.Persistence", "HRLeaveManagement.Persistence\HRLeaveManagement.Persistence.csproj", "{4B3B8BD2-328B-4408-84EF-9D5029BE0F4F}"
EndProject
Project("{FAE04EC0-301F-11D3-BF4B-00C04F79EFBC}") = "HRLeaveManagement.API", "HRLeaveManagement.API\HRLeaveManagement.API.csproj", "{EF9868DB-5488-4FC8-9E82-4DE5668D63BC}"
EndProject
Project("{FAE04EC0-301F-11D3-BF4B-00C04F79EFBC}") = "HRLeaveManagement.Application.UnitTests", "HRLeaveManagement.Application.UnitTests\HRLeaveManagement.Application.UnitTests.csproj", "{835E6604-5DFF-4B7B-A270-7ACF2EA7C14C}"
EndProject
Project("{FAE04EC0-301F-11D3-BF4B-00C04F79EFBC}") = "HRLeaveManagment.MVC", "HRLeaveManagment.MVC\HRLeaveManagment.MVC.csproj", "{A7C13488-38A7-4614-977E-4EC03B5298E7}"
EndProject
Global
	GlobalSection(SolutionConfigurationPlatforms) = preSolution
		Debug|Any CPU = Debug|Any CPU
		Release|Any CPU = Release|Any CPU
	EndGlobalSection
	GlobalSection(ProjectConfigurationPlatforms) = postSolution
		{B174D0B7-F6DB-457E-8A73-797EE6A2A85F}.Debug|Any CPU.ActiveCfg = Debug|Any CPU
		{B174D0B7-F6DB-457E-8A73-797EE6A2A85F}.Debug|Any CPU.Build.0 = Debug|Any CPU
		{B174D0B7-F6DB-457E-8A73-797EE6A2A85F}.Release|Any CPU.ActiveCfg = Release|Any CPU
		{B174D0B7-F6DB-457E-8A73-797EE6A2A85F}.Release|Any CPU.Build.0 = Release|Any CPU
		{8D7E51B9-535D-43C9-99B9-7BA83438EA3F}.Debug|Any CPU.ActiveCfg = Debug|Any CPU
		{8D7E51B9-535D-43C9-99B9-7BA83438EA3F}.Debug|Any CPU.Build.0 = Debug|Any CPU
		{8D7E51B9-535D-43C9-99B9-7BA83438EA3F}.Release|Any CPU.ActiveCfg = Release|Any CPU
		{8D7E51B9-535D-43C9-99B9-7BA83438EA3F}.Release|Any CPU.Build.0 = Release|Any CPU
		{12921D90-45A8-430A-858B-DCD06A6804F7}.Debug|Any CPU.ActiveCfg = Debug|Any CPU
		{12921D90-45A8-430A-858B-DCD06A6804F7}.Debug|Any CPU.Build.0 = Debug|Any CPU
		{12921D90-45A8-430A-858B-DCD06A6804F7}.Release|Any CPU.ActiveCfg = Release|Any CPU
		{12921D90-45A8-430A-858B-DCD06A6804F7}.Release|Any CPU.Build.0 = Release|Any CPU
		{4B3B8BD2-328B-4408-84EF-9D5029BE0F4F}.Debug|Any CPU.ActiveCfg = Debug|Any CPU
		{4B3B8BD2-328B-4408-84EF-9D5029BE0F4F}.Debug|Any CPU.Build.0 = Debug|Any CPU
		{4B3B8BD2-328B-4408-84EF-9D5029BE0F4F}.Release|Any CPU.ActiveCfg = Release|Any CPU
		{4B3B8BD2-328B-4408-84EF-9D5029BE0F4F}.Release|Any CPU.Build.0 = Release|Any CPU
		{EF9868DB-5488-4FC8-9E82-4DE5668D63BC}.Debug|Any CPU.ActiveCfg = Debug|Any CPU
		{EF9868DB-5488-4FC8-9E82-4DE5668D63BC}.Debug|Any CPU.Build.0 = Debug|Any CPU
		{EF9868DB-5488-4FC8-9E82-4DE5668D63BC}.Release|Any CPU.ActiveCfg = Release|Any CPU
		{EF9868DB-5488-4FC8-9E82-4DE5668D63BC}.Release|Any CPU.Build.0 = Release|Any CPU
		{835E6604-5DFF-4B7B-A270-7ACF2EA7C14C}.Debug|Any CPU.ActiveCfg = Debug|Any CPU
		{835E6604-5DFF-4B7B-A270-7ACF2EA7C14C}.Debug|Any CPU.Build.0 = Debug|Any CPU
		{835E6604-5DFF-4B7B-A270-7ACF2EA7C14C}.Release|Any CPU.ActiveCfg = Release|Any CPU
		{835E6604-5DFF-4B7B-A270-7ACF2EA7C14C}.Release|Any CPU.Build.0 = Release|Any CPU
		{A7C13488-38A7-4614-977E-4EC03B5298E7}.Debug|Any CPU.ActiveCfg = Debug|Any CPU
		{A7C13488-38A7-4614-977E-4EC03B5298E7}.Debug|Any CPU.Build.0 = Debug|Any CPU
		{A7C13488-38A7-4614-977E-4EC03B5298E7}.Release|Any CPU.ActiveCfg = Release|Any CPU
		{A7C13488-38A7-4614-977E-4EC03B5298E7}.Release|Any CPU.Build.0 = Release|Any CPU
	EndGlobalSection
	GlobalSection(SolutionProperties) = preSolution
		HideSolutionNode = FALSE
	EndGlobalSection
	GlobalSection(NestedProjects) = preSolution
		{7DBE362F-11B5-4C16-8DCB-68392C4A350F} = {C79AB7E6-D7C0-4E55-AE3E-7E5F5C81366B}
		{68CED619-3129-4E4F-B6BE-426F338805F3} = {C79AB7E6-D7C0-4E55-AE3E-7E5F5C81366B}
		{1BCBD483-602A-4F4B-8696-7BE7731E1836} = {C79AB7E6-D7C0-4E55-AE3E-7E5F5C81366B}
		{C6911D2C-BED1-43D7-811E-BD9F096FFDBA} = {C79AB7E6-D7C0-4E55-AE3E-7E5F5C81366B}
		{B174D0B7-F6DB-457E-8A73-797EE6A2A85F} = {7DBE362F-11B5-4C16-8DCB-68392C4A350F}
		{8D7E51B9-535D-43C9-99B9-7BA83438EA3F} = {7DBE362F-11B5-4C16-8DCB-68392C4A350F}
		{12921D90-45A8-430A-858B-DCD06A6804F7} = {68CED619-3129-4E4F-B6BE-426F338805F3}
		{4B3B8BD2-328B-4408-84EF-9D5029BE0F4F} = {68CED619-3129-4E4F-B6BE-426F338805F3}
		{EF9868DB-5488-4FC8-9E82-4DE5668D63BC} = {1BCBD483-602A-4F4B-8696-7BE7731E1836}
		{835E6604-5DFF-4B7B-A270-7ACF2EA7C14C} = {77B1CA86-DCE4-4676-9E73-0524996F330A}
		{A7C13488-38A7-4614-977E-4EC03B5298E7} = {C6911D2C-BED1-43D7-811E-BD9F096FFDBA}
	EndGlobalSection
	GlobalSection(ExtensibilityGlobals) = postSolution
		SolutionGuid = {52F112AD-A0BC-45CB-ADAD-B9766B6A2532}
	EndGlobalSection
EndGlobal
